
Microsoft Visual Studio Solution File, Format Version 12.00
# Visual Studio 2012
Project("{FAE04EC0-301F-11D3-BF4B-00C04F79EFBC}") = "500pxAndroidBlur", "500pxAndroidBlur\500pxAndroidBlur.csproj", "{D9C43586-DB82-4B02-AC8C-8B67143D932C}"
EndProject
Project("{FAE04EC0-301F-11D3-BF4B-00C04F79EFBC}") = "BlurSample", "BlurSample\BlurSample.csproj", "{18B45CE2-B14C-4F4E-BC29-F08E02A0D5B5}"
EndProject
Global
	GlobalSection(SolutionConfigurationPlatforms) = preSolution
		Debug|Any CPU = Debug|Any CPU
		Release|Any CPU = Release|Any CPU
	EndGlobalSection
	GlobalSection(ProjectConfigurationPlatforms) = postSolution
		{18B45CE2-B14C-4F4E-BC29-F08E02A0D5B5}.Debug|Any CPU.ActiveCfg = Debug|Any CPU
		{18B45CE2-B14C-4F4E-BC29-F08E02A0D5B5}.Debug|Any CPU.Build.0 = Debug|Any CPU
		{18B45CE2-B14C-4F4E-BC29-F08E02A0D5B5}.Release|Any CPU.ActiveCfg = Release|Any CPU
		{18B45CE2-B14C-4F4E-BC29-F08E02A0D5B5}.Release|Any CPU.Build.0 = Release|Any CPU
		{D9C43586-DB82-4B02-AC8C-8B67143D932C}.Debug|Any CPU.ActiveCfg = Debug|Any CPU
		{D9C43586-DB82-4B02-AC8C-8B67143D932C}.Debug|Any CPU.Build.0 = Debug|Any CPU
		{D9C43586-DB82-4B02-AC8C-8B67143D932C}.Release|Any CPU.ActiveCfg = Release|Any CPU
		{D9C43586-DB82-4B02-AC8C-8B67143D932C}.Release|Any CPU.Build.0 = Release|Any CPU
	EndGlobalSection
EndGlobal
